// !$*UTF8*$!
{
	archiveVersion = 1;
	classes = {
	};
	objectVersion = 46;
	objects = {

/* Begin PBXBuildFile section */
		F934F1121CD092B300B0AC40 /* main.m in Sources */ = {isa = PBXBuildFile; fileRef = F934F1111CD092B300B0AC40 /* main.m */; };
		F934F1151CD092B300B0AC40 /* AppDelegate.m in Sources */ = {isa = PBXBuildFile; fileRef = F934F1141CD092B300B0AC40 /* AppDelegate.m */; };
		F934F1181CD092B300B0AC40 /* ViewController.m in Sources */ = {isa = PBXBuildFile; fileRef = F934F1171CD092B300B0AC40 /* ViewController.m */; };
		F934F11D1CD092B300B0AC40 /* Assets.xcassets in Resources */ = {isa = PBXBuildFile; fileRef = F934F11C1CD092B300B0AC40 /* Assets.xcassets */; };
		F934F1201CD092B300B0AC40 /* LaunchScreen.storyboard in Resources */ = {isa = PBXBuildFile; fileRef = F934F11E1CD092B300B0AC40 /* LaunchScreen.storyboard */; };
		F934F12B1CD092B300B0AC40 /* ScreenTimeRecorderTests.m in Sources */ = {isa = PBXBuildFile; fileRef = F934F12A1CD092B300B0AC40 /* ScreenTimeRecorderTests.m */; };
		F934F1361CD092B300B0AC40 /* ScreenTimeRecorderUITests.m in Sources */ = {isa = PBXBuildFile; fileRef = F934F1351CD092B300B0AC40 /* ScreenTimeRecorderUITests.m */; };
		F934F1471CD38E6D00B0AC40 /* CoreLocation.framework in Frameworks */ = {isa = PBXBuildFile; fileRef = F934F1461CD38E6D00B0AC40 /* CoreLocation.framework */; };
		F934F1491CD3F2CD00B0AC40 /* Realm.framework in Frameworks */ = {isa = PBXBuildFile; fileRef = F934F1481CD3F2CD00B0AC40 /* Realm.framework */; };
		F934F14B1CD3F75800B0AC40 /* Realm.framework in Frameworks */ = {isa = PBXBuildFile; fileRef = F934F1481CD3F2CD00B0AC40 /* Realm.framework */; };
		F934F14C1CD3F75800B0AC40 /* Realm.framework in Embed Frameworks */ = {isa = PBXBuildFile; fileRef = F934F1481CD3F2CD00B0AC40 /* Realm.framework */; settings = {ATTRIBUTES = (CodeSignOnCopy, RemoveHeadersOnCopy, ); }; };
		F934F1741CD66EA700B0AC40 /* realmObjectClass.m in Sources */ = {isa = PBXBuildFile; fileRef = F934F1731CD66EA700B0AC40 /* realmObjectClass.m */; };
		F934F1771CD70F8C00B0AC40 /* Main.storyboard in Resources */ = {isa = PBXBuildFile; fileRef = F934F1751CD70F8C00B0AC40 /* Main.storyboard */; };
/* End PBXBuildFile section */

/* Begin PBXContainerItemProxy section */
		F934F1271CD092B300B0AC40 /* PBXContainerItemProxy */ = {
			isa = PBXContainerItemProxy;
			containerPortal = F934F1051CD092B300B0AC40 /* Project object */;
			proxyType = 1;
			remoteGlobalIDString = F934F10C1CD092B300B0AC40;
			remoteInfo = ScreenTimeRecorder;
		};
		F934F1321CD092B300B0AC40 /* PBXContainerItemProxy */ = {
			isa = PBXContainerItemProxy;
			containerPortal = F934F1051CD092B300B0AC40 /* Project object */;
			proxyType = 1;
			remoteGlobalIDString = F934F10C1CD092B300B0AC40;
			remoteInfo = ScreenTimeRecorder;
		};
/* End PBXContainerItemProxy section */

/* Begin PBXCopyFilesBuildPhase section */
		F934F14D1CD3F75800B0AC40 /* Embed Frameworks */ = {
			isa = PBXCopyFilesBuildPhase;
			buildActionMask = 2147483647;
			dstPath = "";
			dstSubfolderSpec = 10;
			files = (
				F934F14C1CD3F75800B0AC40 /* Realm.framework in Embed Frameworks */,
			);
			name = "Embed Frameworks";
			runOnlyForDeploymentPostprocessing = 0;
		};
/* End PBXCopyFilesBuildPhase section */

/* Begin PBXFileReference section */
		F934F10D1CD092B300B0AC40 /* ScreenTimeRecorder.app */ = {isa = PBXFileReference; explicitFileType = wrapper.application; includeInIndex = 0; path = ScreenTimeRecorder.app; sourceTree = BUILT_PRODUCTS_DIR; };
		F934F1111CD092B300B0AC40 /* main.m */ = {isa = PBXFileReference; lastKnownFileType = sourcecode.c.objc; path = main.m; sourceTree = "<group>"; };
		F934F1131CD092B300B0AC40 /* AppDelegate.h */ = {isa = PBXFileReference; lastKnownFileType = sourcecode.c.h; path = AppDelegate.h; sourceTree = "<group>"; };
		F934F1141CD092B300B0AC40 /* AppDelegate.m */ = {isa = PBXFileReference; lastKnownFileType = sourcecode.c.objc; path = AppDelegate.m; sourceTree = "<group>"; };
		F934F1161CD092B300B0AC40 /* ViewController.h */ = {isa = PBXFileReference; lastKnownFileType = sourcecode.c.h; path = ViewController.h; sourceTree = "<group>"; };
		F934F1171CD092B300B0AC40 /* ViewController.m */ = {isa = PBXFileReference; lastKnownFileType = sourcecode.c.objc; path = ViewController.m; sourceTree = "<group>"; };
		F934F11C1CD092B300B0AC40 /* Assets.xcassets */ = {isa = PBXFileReference; lastKnownFileType = folder.assetcatalog; path = Assets.xcassets; sourceTree = "<group>"; };
		F934F11F1CD092B300B0AC40 /* Base */ = {isa = PBXFileReference; lastKnownFileType = file.storyboard; name = Base; path = Base.lproj/LaunchScreen.storyboard; sourceTree = "<group>"; };
		F934F1211CD092B300B0AC40 /* Info.plist */ = {isa = PBXFileReference; lastKnownFileType = text.plist.xml; path = Info.plist; sourceTree = "<group>"; };
		F934F1261CD092B300B0AC40 /* ScreenTimeRecorderTests.xctest */ = {isa = PBXFileReference; explicitFileType = wrapper.cfbundle; includeInIndex = 0; path = ScreenTimeRecorderTests.xctest; sourceTree = BUILT_PRODUCTS_DIR; };
		F934F12A1CD092B300B0AC40 /* ScreenTimeRecorderTests.m */ = {isa = PBXFileReference; lastKnownFileType = sourcecode.c.objc; path = ScreenTimeRecorderTests.m; sourceTree = "<group>"; };
		F934F12C1CD092B300B0AC40 /* Info.plist */ = {isa = PBXFileReference; lastKnownFileType = text.plist.xml; path = Info.plist; sourceTree = "<group>"; };
		F934F1311CD092B300B0AC40 /* ScreenTimeRecorderUITests.xctest */ = {isa = PBXFileReference; explicitFileType = wrapper.cfbundle; includeInIndex = 0; path = ScreenTimeRecorderUITests.xctest; sourceTree = BUILT_PRODUCTS_DIR; };
		F934F1351CD092B300B0AC40 /* ScreenTimeRecorderUITests.m */ = {isa = PBXFileReference; lastKnownFileType = sourcecode.c.objc; path = ScreenTimeRecorderUITests.m; sourceTree = "<group>"; };
		F934F1371CD092B300B0AC40 /* Info.plist */ = {isa = PBXFileReference; lastKnownFileType = text.plist.xml; path = Info.plist; sourceTree = "<group>"; };
		F934F1461CD38E6D00B0AC40 /* CoreLocation.framework */ = {isa = PBXFileReference; lastKnownFileType = wrapper.framework; name = CoreLocation.framework; path = System/Library/Frameworks/CoreLocation.framework; sourceTree = SDKROOT; };
		F934F1481CD3F2CD00B0AC40 /* Realm.framework */ = {isa = PBXFileReference; lastKnownFileType = wrapper.framework; path = Realm.framework; sourceTree = "<group>"; };
		F934F1721CD66EA700B0AC40 /* realmObjectClass.h */ = {isa = PBXFileReference; fileEncoding = 4; lastKnownFileType = sourcecode.c.h; path = realmObjectClass.h; sourceTree = "<group>"; };
		F934F1731CD66EA700B0AC40 /* realmObjectClass.m */ = {isa = PBXFileReference; fileEncoding = 4; lastKnownFileType = sourcecode.c.objc; path = realmObjectClass.m; sourceTree = "<group>"; };
		F934F1761CD70F8C00B0AC40 /* Base */ = {isa = PBXFileReference; lastKnownFileType = file.storyboard; name = Base; path = Base.lproj/Main.storyboard; sourceTree = "<group>"; };
/* End PBXFileReference section */

/* Begin PBXFrameworksBuildPhase section */
		F934F10A1CD092B300B0AC40 /* Frameworks */ = {
			isa = PBXFrameworksBuildPhase;
			buildActionMask = 2147483647;
			files = (
				F934F14B1CD3F75800B0AC40 /* Realm.framework in Frameworks */,
				F934F1491CD3F2CD00B0AC40 /* Realm.framework in Frameworks */,
				F934F1471CD38E6D00B0AC40 /* CoreLocation.framework in Frameworks */,
			);
			runOnlyForDeploymentPostprocessing = 0;
		};
		F934F1231CD092B300B0AC40 /* Frameworks */ = {
			isa = PBXFrameworksBuildPhase;
			buildActionMask = 2147483647;
			files = (
			);
			runOnlyForDeploymentPostprocessing = 0;
		};
		F934F12E1CD092B300B0AC40 /* Frameworks */ = {
			isa = PBXFrameworksBuildPhase;
			buildActionMask = 2147483647;
			files = (
			);
			runOnlyForDeploymentPostprocessing = 0;
		};
/* End PBXFrameworksBuildPhase section */

/* Begin PBXGroup section */
		F934F1041CD092B300B0AC40 = {
			isa = PBXGroup;
			children = (
				F934F10F1CD092B300B0AC40 /* ScreenTimeRecorder */,
				F934F14E1CD5EB0400B0AC40 /* Framework */,
				F934F1291CD092B300B0AC40 /* ScreenTimeRecorderTests */,
				F934F1341CD092B300B0AC40 /* ScreenTimeRecorderUITests */,
				F934F10E1CD092B300B0AC40 /* Products */,
			);
			sourceTree = "<group>";
		};
		F934F10E1CD092B300B0AC40 /* Products */ = {
			isa = PBXGroup;
			children = (
				F934F10D1CD092B300B0AC40 /* ScreenTimeRecorder.app */,
				F934F1261CD092B300B0AC40 /* ScreenTimeRecorderTests.xctest */,
				F934F1311CD092B300B0AC40 /* ScreenTimeRecorderUITests.xctest */,
			);
			name = Products;
			sourceTree = "<group>";
		};
		F934F10F1CD092B300B0AC40 /* ScreenTimeRecorder */ = {
			isa = PBXGroup;
			children = (
				F934F1751CD70F8C00B0AC40 /* Main.storyboard */,
				F934F1131CD092B300B0AC40 /* AppDelegate.h */,
				F934F1141CD092B300B0AC40 /* AppDelegate.m */,
				F934F1161CD092B300B0AC40 /* ViewController.h */,
				F934F1171CD092B300B0AC40 /* ViewController.m */,
				F934F1721CD66EA700B0AC40 /* realmObjectClass.h */,
				F934F1731CD66EA700B0AC40 /* realmObjectClass.m */,
				F934F11C1CD092B300B0AC40 /* Assets.xcassets */,
				F934F11E1CD092B300B0AC40 /* LaunchScreen.storyboard */,
				F934F1211CD092B300B0AC40 /* Info.plist */,
				F934F1101CD092B300B0AC40 /* Supporting Files */,
			);
			path = ScreenTimeRecorder;
			sourceTree = "<group>";
		};
		F934F1101CD092B300B0AC40 /* Supporting Files */ = {
			isa = PBXGroup;
			children = (
				F934F1111CD092B300B0AC40 /* main.m */,
			);
			name = "Supporting Files";
			sourceTree = "<group>";
		};
		F934F1291CD092B300B0AC40 /* ScreenTimeRecorderTests */ = {
			isa = PBXGroup;
			children = (
				F934F12A1CD092B300B0AC40 /* ScreenTimeRecorderTests.m */,
				F934F12C1CD092B300B0AC40 /* Info.plist */,
			);
			path = ScreenTimeRecorderTests;
			sourceTree = "<group>";
		};
		F934F1341CD092B300B0AC40 /* ScreenTimeRecorderUITests */ = {
			isa = PBXGroup;
			children = (
				F934F1351CD092B300B0AC40 /* ScreenTimeRecorderUITests.m */,
				F934F1371CD092B300B0AC40 /* Info.plist */,
			);
			path = ScreenTimeRecorderUITests;
			sourceTree = "<group>";
		};
		F934F14E1CD5EB0400B0AC40 /* Framework */ = {
			isa = PBXGroup;
			children = (
				F934F1481CD3F2CD00B0AC40 /* Realm.framework */,
				F934F1461CD38E6D00B0AC40 /* CoreLocation.framework */,
			);
			name = Framework;
			sourceTree = "<group>";
		};
/* End PBXGroup section */

/* Begin PBXNativeTarget section */
		F934F10C1CD092B300B0AC40 /* ScreenTimeRecorder */ = {
			isa = PBXNativeTarget;
			buildConfigurationList = F934F13A1CD092B300B0AC40 /* Build configuration list for PBXNativeTarget "ScreenTimeRecorder" */;
			buildPhases = (
				F934F1091CD092B300B0AC40 /* Sources */,
				F934F10A1CD092B300B0AC40 /* Frameworks */,
				F934F10B1CD092B300B0AC40 /* Resources */,
				F934F14D1CD3F75800B0AC40 /* Embed Frameworks */,
			);
			buildRules = (
			);
			dependencies = (
			);
			name = ScreenTimeRecorder;
			productName = ScreenTimeRecorder;
			productReference = F934F10D1CD092B300B0AC40 /* ScreenTimeRecorder.app */;
			productType = "com.apple.product-type.application";
		};
		F934F1251CD092B300B0AC40 /* ScreenTimeRecorderTests */ = {
			isa = PBXNativeTarget;
			buildConfigurationList = F934F13D1CD092B300B0AC40 /* Build configuration list for PBXNativeTarget "ScreenTimeRecorderTests" */;
			buildPhases = (
				F934F1221CD092B300B0AC40 /* Sources */,
				F934F1231CD092B300B0AC40 /* Frameworks */,
				F934F1241CD092B300B0AC40 /* Resources */,
			);
			buildRules = (
			);
			dependencies = (
				F934F1281CD092B300B0AC40 /* PBXTargetDependency */,
			);
			name = ScreenTimeRecorderTests;
			productName = ScreenTimeRecorderTests;
			productReference = F934F1261CD092B300B0AC40 /* ScreenTimeRecorderTests.xctest */;
			productType = "com.apple.product-type.bundle.unit-test";
		};
		F934F1301CD092B300B0AC40 /* ScreenTimeRecorderUITests */ = {
			isa = PBXNativeTarget;
			buildConfigurationList = F934F1401CD092B300B0AC40 /* Build configuration list for PBXNativeTarget "ScreenTimeRecorderUITests" */;
			buildPhases = (
				F934F12D1CD092B300B0AC40 /* Sources */,
				F934F12E1CD092B300B0AC40 /* Frameworks */,
				F934F12F1CD092B300B0AC40 /* Resources */,
			);
			buildRules = (
			);
			dependencies = (
				F934F1331CD092B300B0AC40 /* PBXTargetDependency */,
			);
			name = ScreenTimeRecorderUITests;
			productName = ScreenTimeRecorderUITests;
			productReference = F934F1311CD092B300B0AC40 /* ScreenTimeRecorderUITests.xctest */;
			productType = "com.apple.product-type.bundle.ui-testing";
		};
/* End PBXNativeTarget section */

/* Begin PBXProject section */
		F934F1051CD092B300B0AC40 /* Project object */ = {
			isa = PBXProject;
			attributes = {
				LastUpgradeCheck = 0730;
				ORGANIZATIONNAME = "Sarang Kulkarni";
				TargetAttributes = {
					F934F10C1CD092B300B0AC40 = {
						CreatedOnToolsVersion = 7.3;
					};
					F934F1251CD092B300B0AC40 = {
						CreatedOnToolsVersion = 7.3;
						TestTargetID = F934F10C1CD092B300B0AC40;
					};
					F934F1301CD092B300B0AC40 = {
						CreatedOnToolsVersion = 7.3;
						TestTargetID = F934F10C1CD092B300B0AC40;
					};
				};
			};
			buildConfigurationList = F934F1081CD092B300B0AC40 /* Build configuration list for PBXProject "ScreenTimeRecorder" */;
			compatibilityVersion = "Xcode 3.2";
			developmentRegion = English;
			hasScannedForEncodings = 0;
			knownRegions = (
				en,
				Base,
			);
			mainGroup = F934F1041CD092B300B0AC40;
			productRefGroup = F934F10E1CD092B300B0AC40 /* Products */;
			projectDirPath = "";
			projectRoot = "";
			targets = (
				F934F10C1CD092B300B0AC40 /* ScreenTimeRecorder */,
				F934F1251CD092B300B0AC40 /* ScreenTimeRecorderTests */,
				F934F1301CD092B300B0AC40 /* ScreenTimeRecorderUITests */,
			);
		};
/* End PBXProject section */

/* Begin PBXResourcesBuildPhase section */
		F934F10B1CD092B300B0AC40 /* Resources */ = {
			isa = PBXResourcesBuildPhase;
			buildActionMask = 2147483647;
			files = (
				F934F1771CD70F8C00B0AC40 /* Main.storyboard in Resources */,
				F934F1201CD092B300B0AC40 /* LaunchScreen.storyboard in Resources */,
				F934F11D1CD092B300B0AC40 /* Assets.xcassets in Resources */,
			);
			runOnlyForDeploymentPostprocessing = 0;
		};
		F934F1241CD092B300B0AC40 /* Resources */ = {
			isa = PBXResourcesBuildPhase;
			buildActionMask = 2147483647;
			files = (
			);
			runOnlyForDeploymentPostprocessing = 0;
		};
		F934F12F1CD092B300B0AC40 /* Resources */ = {
			isa = PBXResourcesBuildPhase;
			buildActionMask = 2147483647;
			files = (
			);
			runOnlyForDeploymentPostprocessing = 0;
		};
/* End PBXResourcesBuildPhase section */

/* Begin PBXSourcesBuildPhase section */
		F934F1091CD092B300B0AC40 /* Sources */ = {
			isa = PBXSourcesBuildPhase;
			buildActionMask = 2147483647;
			files = (
				F934F1181CD092B300B0AC40 /* ViewController.m in Sources */,
				F934F1151CD092B300B0AC40 /* AppDelegate.m in Sources */,
				F934F1121CD092B300B0AC40 /* main.m in Sources */,
				F934F1741CD66EA700B0AC40 /* realmObjectClass.m in Sources */,
			);
			runOnlyForDeploymentPostprocessing = 0;
		};
		F934F1221CD092B300B0AC40 /* Sources */ = {
			isa = PBXSourcesBuildPhase;
			buildActionMask = 2147483647;
			files = (
				F934F12B1CD092B300B0AC40 /* ScreenTimeRecorderTests.m in Sources */,
			);
			runOnlyForDeploymentPostprocessing = 0;
		};
		F934F12D1CD092B300B0AC40 /* Sources */ = {
			isa = PBXSourcesBuildPhase;
			buildActionMask = 2147483647;
			files = (
				F934F1361CD092B300B0AC40 /* ScreenTimeRecorderUITests.m in Sources */,
			);
			runOnlyForDeploymentPostprocessing = 0;
		};
/* End PBXSourcesBuildPhase section */

/* Begin PBXTargetDependency section */
		F934F1281CD092B300B0AC40 /* PBXTargetDependency */ = {
			isa = PBXTargetDependency;
			target = F934F10C1CD092B300B0AC40 /* ScreenTimeRecorder */;
			targetProxy = F934F1271CD092B300B0AC40 /* PBXContainerItemProxy */;
		};
		F934F1331CD092B300B0AC40 /* PBXTargetDependency */ = {
			isa = PBXTargetDependency;
			target = F934F10C1CD092B300B0AC40 /* ScreenTimeRecorder */;
			targetProxy = F934F1321CD092B300B0AC40 /* PBXContainerItemProxy */;
		};
/* End PBXTargetDependency section */

/* Begin PBXVariantGroup section */
		F934F11E1CD092B300B0AC40 /* LaunchScreen.storyboard */ = {
			isa = PBXVariantGroup;
			children = (
				F934F11F1CD092B300B0AC40 /* Base */,
			);
			name = LaunchScreen.storyboard;
			sourceTree = "<group>";
		};
		F934F1751CD70F8C00B0AC40 /* Main.storyboard */ = {
			isa = PBXVariantGroup;
			children = (
				F934F1761CD70F8C00B0AC40 /* Base */,
			);
			name = Main.storyboard;
			sourceTree = "<group>";
		};
/* End PBXVariantGroup section */

/* Begin XCBuildConfiguration section */
		F934F1381CD092B300B0AC40 /* Debug */ = {
			isa = XCBuildConfiguration;
			buildSettings = {
				ALWAYS_SEARCH_USER_PATHS = NO;
				CLANG_ANALYZER_NONNULL = YES;
				CLANG_CXX_LANGUAGE_STANDARD = "gnu++0x";
				CLANG_CXX_LIBRARY = "libc++";
				CLANG_ENABLE_MODULES = YES;
				CLANG_ENABLE_OBJC_ARC = YES;
				CLANG_WARN_BOOL_CONVERSION = YES;
				CLANG_WARN_CONSTANT_CONVERSION = YES;
				CLANG_WARN_DIRECT_OBJC_ISA_USAGE = YES_ERROR;
				CLANG_WARN_EMPTY_BODY = YES;
				CLANG_WARN_ENUM_CONVERSION = YES;
				CLANG_WARN_INT_CONVERSION = YES;
				CLANG_WARN_OBJC_ROOT_CLASS = YES_ERROR;
				CLANG_WARN_UNREACHABLE_CODE = YES;
				CLANG_WARN__DUPLICATE_METHOD_MATCH = YES;
				"CODE_SIGN_IDENTITY[sdk=iphoneos*]" = "iPhone Developer";
				COPY_PHASE_STRIP = NO;
				DEBUG_INFORMATION_FORMAT = dwarf;
				ENABLE_STRICT_OBJC_MSGSEND = YES;
				ENABLE_TESTABILITY = YES;
				GCC_C_LANGUAGE_STANDARD = gnu99;
				GCC_DYNAMIC_NO_PIC = NO;
				GCC_NO_COMMON_BLOCKS = YES;
				GCC_OPTIMIZATION_LEVEL = 0;
				GCC_PREPROCESSOR_DEFINITIONS = (
					"DEBUG=1",
					"$(inherited)",
				);
				GCC_WARN_64_TO_32_BIT_CONVERSION = YES;
				GCC_WARN_ABOUT_RETURN_TYPE = YES_ERROR;
				GCC_WARN_UNDECLARED_SELECTOR = YES;
				GCC_WARN_UNINITIALIZED_AUTOS = YES_AGGRESSIVE;
				GCC_WARN_UNUSED_FUNCTION = YES;
				GCC_WARN_UNUSED_VARIABLE = YES;
				IPHONEOS_DEPLOYMENT_TARGET = 9.3;
				MTL_ENABLE_DEBUG_INFO = YES;
				ONLY_ACTIVE_ARCH = YES;
				SDKROOT = iphoneos;
			};
			name = Debug;
		};
		F934F1391CD092B300B0AC40 /* Release */ = {
			isa = XCBuildConfiguration;
			buildSettings = {
				ALWAYS_SEARCH_USER_PATHS = NO;
				CLANG_ANALYZER_NONNULL = YES;
				CLANG_CXX_LANGUAGE_STANDARD = "gnu++0x";
				CLANG_CXX_LIBRARY = "libc++";
				CLANG_ENABLE_MODULES = YES;
				CLANG_ENABLE_OBJC_ARC = YES;
				CLANG_WARN_BOOL_CONVERSION = YES;
				CLANG_WARN_CONSTANT_CONVERSION = YES;
				CLANG_WARN_DIRECT_OBJC_ISA_USAGE = YES_ERROR;
				CLANG_WARN_EMPTY_BODY = YES;
				CLANG_WARN_ENUM_CONVERSION = YES;
				CLANG_WARN_INT_CONVERSION = YES;
				CLANG_WARN_OBJC_ROOT_CLASS = YES_ERROR;
				CLANG_WARN_UNREACHABLE_CODE = YES;
				CLANG_WARN__DUPLICATE_METHOD_MATCH = YES;
				"CODE_SIGN_IDENTITY[sdk=iphoneos*]" = "iPhone Developer";
				COPY_PHASE_STRIP = NO;
				DEBUG_INFORMATION_FORMAT = "dwarf-with-dsym";
				ENABLE_NS_ASSERTIONS = NO;
				ENABLE_STRICT_OBJC_MSGSEND = YES;
				GCC_C_LANGUAGE_STANDARD = gnu99;
				GCC_NO_COMMON_BLOCKS = YES;
				GCC_WARN_64_TO_32_BIT_CONVERSION = YES;
				GCC_WARN_ABOUT_RETURN_TYPE = YES_ERROR;
				GCC_WARN_UNDECLARED_SELECTOR = YES;
				GCC_WARN_UNINITIALIZED_AUTOS = YES_AGGRESSIVE;
				GCC_WARN_UNUSED_FUNCTION = YES;
				GCC_WARN_UNUSED_VARIABLE = YES;
				IPHONEOS_DEPLOYMENT_TARGET = 9.3;
				MTL_ENABLE_DEBUG_INFO = NO;
				SDKROOT = iphoneos;
				VALIDATE_PRODUCT = YES;
			};
			name = Release;
		};
		F934F13B1CD092B300B0AC40 /* Debug */ = {
			isa = XCBuildConfiguration;
			buildSettings = {
				ASSETCATALOG_COMPILER_APPICON_NAME = AppIcon;
				FRAMEWORK_SEARCH_PATHS = (
					"$(inherited)",
					"$(PROJECT_DIR)",
				);
				INFOPLIST_FILE = ScreenTimeRecorder/Info.plist;
				LD_RUNPATH_SEARCH_PATHS = "$(inherited) @executable_path/Frameworks";
				PRODUCT_BUNDLE_IDENTIFIER = sarangbk.ScreenTimeRecorder;
				PRODUCT_NAME = "$(TARGET_NAME)";
			};
			name = Debug;
		};
		F934F13C1CD092B300B0AC40 /* Release */ = {
			isa = XCBuildConfiguration;
			buildSettings = {
				ASSETCATALOG_COMPILER_APPICON_NAME = AppIcon;
				FRAMEWORK_SEARCH_PATHS = (
					"$(inherited)",
					"$(PROJECT_DIR)",
				);
				INFOPLIST_FILE = ScreenTimeRecorder/Info.plist;
				LD_RUNPATH_SEARCH_PATHS = "$(inherited) @executable_path/Frameworks";
				PRODUCT_BUNDLE_IDENTIFIER = sarangbk.ScreenTimeRecorder;
				PRODUCT_NAME = "$(TARGET_NAME)";
			};
			name = Release;
		};
		F934F13E1CD092B300B0AC40 /* Debug */ = {
			isa = XCBuildConfiguration;
			buildSettings = {
				BUNDLE_LOADER = "$(TEST_HOST)";
				FRAMEWORK_SEARCH_PATHS = (
					"$(inherited)",
					"$(PROJECT_DIR)",
				);
				INFOPLIST_FILE = ScreenTimeRecorderTests/Info.plist;
				LD_RUNPATH_SEARCH_PATHS = "$(inherited) @executable_path/Frameworks @loader_path/Frameworks";
				PRODUCT_BUNDLE_IDENTIFIER = sarangbk.ScreenTimeRecorderTests;
				PRODUCT_NAME = "$(TARGET_NAME)";
				TEST_HOST = "$(BUILT_PRODUCTS_DIR)/ScreenTimeRecorder.app/ScreenTimeRecorder";
			};
			name = Debug;
		};
		F934F13F1CD092B300B0AC40 /* Release */ = {
			isa = XCBuildConfiguration;
			buildSettings = {
				BUNDLE_LOADER = "$(TEST_HOST)";
				FRAMEWORK_SEARCH_PATHS = (
					"$(inherited)",
					"$(PROJECT_DIR)",
				);
				INFOPLIST_FILE = ScreenTimeRecorderTests/Info.plist;
				LD_RUNPATH_SEARCH_PATHS = "$(inherited) @executable_path/Frameworks @loader_path/Frameworks";
				PRODUCT_BUNDLE_IDENTIFIER = sarangbk.ScreenTimeRecorderTests;
				PRODUCT_NAME = "$(TARGET_NAME)";
				TEST_HOST = "$(BUILT_PRODUCTS_DIR)/ScreenTimeRecorder.app/ScreenTimeRecorder";
			};
			name = Release;
		};
		F934F1411CD092B300B0AC40 /* Debug */ = {
			isa = XCBuildConfiguration;
			buildSettings = {
				INFOPLIST_FILE = ScreenTimeRecorderUITests/Info.plist;
				LD_RUNPATH_SEARCH_PATHS = "$(inherited) @executable_path/Frameworks @loader_path/Frameworks";
				PRODUCT_BUNDLE_IDENTIFIER = sarangbk.ScreenTimeRecorderUITests;
				PRODUCT_NAME = "$(TARGET_NAME)";
				TEST_TARGET_NAME = ScreenTimeRecorder;
			};
			name = Debug;
		};
		F934F1421CD092B300B0AC40 /* Release */ = {
			isa = XCBuildConfiguration;
			buildSettings = {
				INFOPLIST_FILE = ScreenTimeRecorderUITests/Info.plist;
				LD_RUNPATH_SEARCH_PATHS = "$(inherited) @executable_path/Frameworks @loader_path/Frameworks";
				PRODUCT_BUNDLE_IDENTIFIER = sarangbk.ScreenTimeRecorderUITests;
				PRODUCT_NAME = "$(TARGET_NAME)";
				TEST_TARGET_NAME = ScreenTimeRecorder;
			};
			name = Release;
		};
/* End XCBuildConfiguration section */

/* Begin XCConfigurationList section */
		F934F1081CD092B300B0AC40 /* Build configuration list for PBXProject "ScreenTimeRecorder" */ = {
			isa = XCConfigurationList;
			buildConfigurations = (
				F934F1381CD092B300B0AC40 /* Debug */,
				F934F1391CD092B300B0AC40 /* Release */,
			);
			defaultConfigurationIsVisible = 0;
			defaultConfigurationName = Release;
		};
		F934F13A1CD092B300B0AC40 /* Build configuration list for PBXNativeTarget "ScreenTimeRecorder" */ = {
			isa = XCConfigurationList;
			buildConfigurations = (
				F934F13B1CD092B300B0AC40 /* Debug */,
				F934F13C1CD092B300B0AC40 /* Release */,
			);
			defaultConfigurationIsVisible = 0;
			defaultConfigurationName = Release;
		};
		F934F13D1CD092B300B0AC40 /* Build configuration list for PBXNativeTarget "ScreenTimeRecorderTests" */ = {
			isa = XCConfigurationList;
			buildConfigurations = (
				F934F13E1CD092B300B0AC40 /* Debug */,
				F934F13F1CD092B300B0AC40 /* Release */,
			);
			defaultConfigurationIsVisible = 0;
			defaultConfigurationName = Release;
		};
		F934F1401CD092B300B0AC40 /* Build configuration list for PBXNativeTarget "ScreenTimeRecorderUITests" */ = {
			isa = XCConfigurationList;
			buildConfigurations = (
				F934F1411CD092B300B0AC40 /* Debug */,
				F934F1421CD092B300B0AC40 /* Release */,
			);
			defaultConfigurationIsVisible = 0;
			defaultConfigurationName = Release;
		};
/* End XCConfigurationList section */
	};
	rootObject = F934F1051CD092B300B0AC40 /* Project object */;
}
